
Microsoft Visual Studio Solution File, Format Version 12.00
# Visual Studio Version 17
VisualStudioVersion = 17.13.35716.79 d17.13
MinimumVisualStudioVersion = 10.0.40219.1
Project("{FAE04EC0-301F-11D3-BF4B-00C04F79EFBC}") = "ADO 1", "ADO 1.csproj", "{85958956-D140-4723-B78F-8C593B575BF1}"
EndProject
Global
	GlobalSection(SolutionConfigurationPlatforms) = preSolution
		Debug|Any CPU = Debug|Any CPU
		Release|Any CPU = Release|Any CPU
	EndGlobalSection
	GlobalSection(ProjectConfigurationPlatforms) = postSolution
		{85958956-D140-4723-B78F-8C593B575BF1}.Debug|Any CPU.ActiveCfg = Debug|Any CPU
		{85958956-D140-4723-B78F-8C593B575BF1}.Debug|Any CPU.Build.0 = Debug|Any CPU
		{85958956-D140-4723-B78F-8C593B575BF1}.Release|Any CPU.ActiveCfg = Release|Any CPU
		{85958956-D140-4723-B78F-8C593B575BF1}.Release|Any CPU.Build.0 = Release|Any CPU
	EndGlobalSection
	GlobalSection(SolutionProperties) = preSolution
		HideSolutionNode = FALSE
	EndGlobalSection
	GlobalSection(ExtensibilityGlobals) = postSolution
		SolutionGuid = {07639621-E92E-404B-A986-240F40FBAA6F}
	EndGlobalSection
EndGlobal
